<?xml version="1.0" encoding="utf-8"?>
<Project ToolsVersion="4.0" xmlns="http://schemas.microsoft.com/developer/msbuild/2003">
  <ItemGroup>
    <Filter Include="Source Files">
      <UniqueIdentifier>{4FC737F1-C7A5-4376-A066-2A32D752A2FF}</UniqueIdentifier>
      <Extensions>cpp;c;cc;cxx;def;odl;idl;hpj;bat;asm;asmx</Extensions>
    </Filter>
    <Filter Include="Header Files">
      <UniqueIdentifier>{93995380-89BD-4b04-88EB-625FBE52EBFB}</UniqueIdentifier>
      <Extensions>h;hh;hpp;hxx;hm;inl;inc;xsd</Extensions>
    </Filter>
    <Filter Include="Resource Files">
      <UniqueIdentifier>{67DA6AB6-F800-4c08-8B7A-83BB121AAD01}</UniqueIdentifier>
      <Extensions>rc;ico;cur;bmp;dlg;rc2;rct;bin;rgs;gif;jpg;jpeg;jpe;resx;tiff;tif;png;wav;mfcribbon-ms</Extensions>
    </Filter>
    <Filter Include="mlink">
      <UniqueIdentifier>{df1bd72d-ae45-4209-bb31-da7b23982a67}</UniqueIdentifier>
    </Filter>
  </ItemGroup>
  <ItemGroup>
    <None Include="..\Doxyfile">
      <Filter>Resource Files</Filter>
    </None>
    <None Include="..\mlink\qdot2D_mlink.tm">
      <Filter>Resource Files</Filter>
    </None>
    <None Include="..\mainpage.dox">
      <Filter>Resource Files</Filter>
    </None>
  </ItemGroup>
  <ItemGroup>
    <ClInclude Include="..\include\angles.h">
      <Filter>Header Files</Filter>
    </ClInclude>
    <ClInclude Include="..\include\comotion.h">
      <Filter>Header Files</Filter>
    </ClInclude>
    <ClInclude Include="..\include\coulomb.h">
      <Filter>Header Files</Filter>
    </ClInclude>
    <ClInclude Include="..\include\density_int.h">
      <Filter>Header Files</Filter>
    </ClInclude>
    <ClInclude Include="..\include\eigensystem.h">
      <Filter>Header Files</Filter>
    </ClInclude>
    <ClInclude Include="..\include\energy.h">
      <Filter>Header Files</Filter>
    </ClInclude>
    <ClInclude Include="..\include\error_desc.h">
      <Filter>Header Files</Filter>
    </ClInclude>
    <ClInclude Include="..\include\gauss_laguerre.h">
      <Filter>Header Files</Filter>
    </ClInclude>
    <ClInclude Include="..\include\interpolation.h">
      <Filter>Header Files</Filter>
    </ClInclude>
    <ClInclude Include="..\include\potential.h">
      <Filter>Header Files</Filter>
    </ClInclude>
    <ClInclude Include="..\include\scf_step.h">
      <Filter>Header Files</Filter>
    </ClInclude>
    <ClInclude Include="..\include\util.h">
      <Filter>Header Files</Filter>
    </ClInclude>
  </ItemGroup>
  <ItemGroup>
    <ClCompile Include="..\src\angles.c">
      <Filter>Source Files</Filter>
    </ClCompile>
    <ClCompile Include="..\src\comotion.c">
      <Filter>Source Files</Filter>
    </ClCompile>
    <ClCompile Include="..\src\coulomb.c">
      <Filter>Source Files</Filter>
    </ClCompile>
    <ClCompile Include="..\src\density_int.c">
      <Filter>Source Files</Filter>
    </ClCompile>
    <ClCompile Include="..\src\eigensystem.c">
      <Filter>Source Files</Filter>
    </ClCompile>
    <ClCompile Include="..\src\energy.c">
      <Filter>Source Files</Filter>
    </ClCompile>
    <ClCompile Include="..\src\gauss_laguerre.c">
      <Filter>Source Files</Filter>
    </ClCompile>
    <ClCompile Include="..\src\interpolation.c">
      <Filter>Source Files</Filter>
    </ClCompile>
    <ClCompile Include="..\src\potential.c">
      <Filter>Source Files</Filter>
    </ClCompile>
    <ClCompile Include="..\src\scf_step.c">
      <Filter>Source Files</Filter>
    </ClCompile>
    <ClCompile Include="..\src\util.c">
      <Filter>Source Files</Filter>
    </ClCompile>
    <ClCompile Include="..\mlink\qdot2D_ML.c">
      <Filter>mlink</Filter>
    </ClCompile>
    <ClCompile Include="..\mlink\qdot2D_mlink_windows.c">
      <Filter>mlink</Filter>
    </ClCompile>
  </ItemGroup>
</Project>